
Microsoft Visual Studio Solution File, Format Version 12.00
# Visual Studio Version 16
VisualStudioVersion = 16.0.29509.3
MinimumVisualStudioVersion = 10.0.40219.1
Project("{FAE04EC0-301F-11D3-BF4B-00C04F79EFBC}") = "SmallClaimsAssembly", "SmallClaimsAssembly\SmallClaimsAssembly.csproj", "{768B222F-3385-47D8-BECA-FF92C024393C}"
EndProject
Global
	GlobalSection(SolutionConfigurationPlatforms) = preSolution
		Debug|Any CPU = Debug|Any CPU
		Release|Any CPU = Release|Any CPU
	EndGlobalSection
	GlobalSection(ProjectConfigurationPlatforms) = postSolution
		{768B222F-3385-47D8-BECA-FF92C024393C}.Debug|Any CPU.ActiveCfg = Debug|Any CPU
		{768B222F-3385-47D8-BECA-FF92C024393C}.Debug|Any CPU.Build.0 = Debug|Any CPU
		{768B222F-3385-47D8-BECA-FF92C024393C}.Release|Any CPU.ActiveCfg = Release|Any CPU
		{768B222F-3385-47D8-BECA-FF92C024393C}.Release|Any CPU.Build.0 = Release|Any CPU
	EndGlobalSection
	GlobalSection(SolutionProperties) = preSolution
		HideSolutionNode = FALSE
	EndGlobalSection
	GlobalSection(ExtensibilityGlobals) = postSolution
		SolutionGuid = {701F69F8-F792-4CF8-BCBE-B002E1302322}
	EndGlobalSection
EndGlobal
